# THIS IS AN AUTOGENERATED FILE. DO NOT EDIT THIS FILE DIRECTLY.
# yarn lockfile v1


better-assert@~0.1.0:
  version "0.1.0"
  resolved "https://registry.yarnpkg.com/better-assert/-/better-assert-0.1.0.tgz#33b4f2f0a4336ff8a734482051603091526ba29e"
  dependencies:
    callsite "*"

buffer-crc32@0.2.1:
  version "0.2.1"
  resolved "https://registry.yarnpkg.com/buffer-crc32/-/buffer-crc32-0.2.1.tgz#be3e5382fc02b6d6324956ac1af98aa98b08534c"

bytes@0.2.0:
  version "0.2.0"
  resolved "https://registry.yarnpkg.com/bytes/-/bytes-0.2.0.tgz#aad33ec14e3dc2ca74e8e7d451f9ba053ad4f7a0"

callsite@*:
  version "1.0.0"
  resolved "https://registry.yarnpkg.com/callsite/-/callsite-1.0.0.tgz#280398e5d664bd74038b6f0905153e6e8af1bc20"

chai@~1.6.0:
  version "1.6.1"
  resolved "https://registry.yarnpkg.com/chai/-/chai-1.6.1.tgz#ae400359111fba3eb538275b8be0e9145119b321"

commander@0.6.1:
  version "0.6.1"
  resolved "https://registry.yarnpkg.com/commander/-/commander-0.6.1.tgz#fa68a14f6a945d54dbbe50d8cdb3320e9e3b1a06"

connect@2.7.11:
  version "2.7.11"
  resolved "https://registry.yarnpkg.com/connect/-/connect-2.7.11.tgz#f561d5eef70b8d719c397f724d34ba4065c77a3e"
  dependencies:
    buffer-crc32 "0.2.1"
    bytes "0.2.0"
    cookie "0.0.5"
    cookie-signature "1.0.1"
    debug "*"
    formidable "1.0.14"
    fresh "0.1.0"
    pause "0.0.1"
    qs "0.6.5"
    send "0.1.1"

cookie-signature@1.0.1:
  version "1.0.1"
  resolved "https://registry.yarnpkg.com/cookie-signature/-/cookie-signature-1.0.1.tgz#44e072148af01e6e8e24afbf12690d68ae698ecb"

cookie@0.0.5:
  version "0.0.5"
  resolved "https://registry.yarnpkg.com/cookie/-/cookie-0.0.5.tgz#f9acf9db57eb7568c9fcc596256b7bb22e307c81"

cookie@0.1.0:
  version "0.1.0"
  resolved "https://registry.yarnpkg.com/cookie/-/cookie-0.1.0.tgz#90eb469ddce905c866de687efc43131d8801f9d0"

cookiejar@1.3.0:
  version "1.3.0"
  resolved "https://registry.yarnpkg.com/cookiejar/-/cookiejar-1.3.0.tgz#dd00b35679021e99cbd4e855b9ad041913474765"

debug@*:
  version "3.1.0"
  resolved "https://registry.yarnpkg.com/debug/-/debug-3.1.0.tgz#5bb5a0672628b64149566ba16819e61518c67261"
  dependencies:
    ms "2.0.0"

diff@1.0.2:
  version "1.0.2"
  resolved "https://registry.yarnpkg.com/diff/-/diff-1.0.2.tgz#4ae73f1aee8d6fcf484f1a1ce77ce651d9b7f0c9"

emitter-component@0.0.6:
  version "0.0.6"
  resolved "https://registry.yarnpkg.com/emitter-component/-/emitter-component-0.0.6.tgz#c155d82f6d0c01b5bee856d58074a4cc59795bca"

express@~3.2.2:
  version "3.2.6"
  resolved "https://registry.yarnpkg.com/express/-/express-3.2.6.tgz#d8a9fe065adc23c5b41ec2c689c672b261430ffc"
  dependencies:
    buffer-crc32 "0.2.1"
    commander "0.6.1"
    connect "2.7.11"
    cookie "0.1.0"
    cookie-signature "1.0.1"
    debug "*"
    fresh "0.1.0"
    methods "0.0.1"
    mkdirp "0.3.4"
    range-parser "0.0.4"
    send "0.1.0"

formidable@1.0.14:
  version "1.0.14"
  resolved "https://registry.yarnpkg.com/formidable/-/formidable-1.0.14.tgz#2b3f4c411cbb5fdd695c44843e2a23514a43231a"

formidable@1.0.9:
  version "1.0.9"
  resolved "https://registry.yarnpkg.com/formidable/-/formidable-1.0.9.tgz#419e3bccead3e8874d539f5b3e72a4c503b31a98"

fresh@0.1.0:
  version "0.1.0"
  resolved "https://registry.yarnpkg.com/fresh/-/fresh-0.1.0.tgz#03e4b0178424e4c2d5d19a54d8814cdc97934850"

growl@1.7.x:
  version "1.7.0"
  resolved "https://registry.yarnpkg.com/growl/-/growl-1.7.0.tgz#de2d66136d002e112ba70f3f10c31cf7c350b2da"

jade@0.26.3:
  version "0.26.3"
  resolved "https://registry.yarnpkg.com/jade/-/jade-0.26.3.tgz#8f10d7977d8d79f2f6ff862a81b0513ccb25686c"
  dependencies:
    commander "0.6.1"
    mkdirp "0.3.0"

methods@0.0.1:
  version "0.0.1"
  resolved "https://registry.yarnpkg.com/methods/-/methods-0.0.1.tgz#277c90f8bef39709645a8371c51c3b6c648e068c"

mime@1.2.5:
  version "1.2.5"
  resolved "https://registry.yarnpkg.com/mime/-/mime-1.2.5.tgz#9eed073022a8bf5e16c8566c6867b8832bfbfa13"

mime@1.2.6:
  version "1.2.6"
  resolved "https://registry.yarnpkg.com/mime/-/mime-1.2.6.tgz#b1f86c768c025fa87b48075f1709f28aeaf20365"

mime@~1.2.9:
  version "1.2.11"
  resolved "https://registry.yarnpkg.com/mime/-/mime-1.2.11.tgz#58203eed86e3a5ef17aed2b7d9ebd47f0a60dd10"

mkdirp@0.3.0:
  version "0.3.0"
  resolved "https://registry.yarnpkg.com/mkdirp/-/mkdirp-0.3.0.tgz#1bbf5ab1ba827af23575143490426455f481fe1e"

mkdirp@0.3.3:
  version "0.3.3"
  resolved "https://registry.yarnpkg.com/mkdirp/-/mkdirp-0.3.3.tgz#595e251c1370c3a68bab2136d0e348b8105adf13"

mkdirp@0.3.4:
  version "0.3.4"
  resolved "https://registry.yarnpkg.com/mkdirp/-/mkdirp-0.3.4.tgz#f8c81d213b7299a031f193a57d752a17d2f6c7d8"

mocha@~1.9.0:
  version "1.9.0"
  resolved "https://registry.yarnpkg.com/mocha/-/mocha-1.9.0.tgz#141054b13cb03ce5ce59aece3d65d5ca01b8df0a"
  dependencies:
    commander "0.6.1"
    debug "*"
    diff "1.0.2"
    growl "1.7.x"
    jade "0.26.3"
    mkdirp "0.3.3"
    ms "0.3.0"

ms@0.3.0:
  version "0.3.0"
  resolved "https://registry.yarnpkg.com/ms/-/ms-0.3.0.tgz#03edc348d613e66a56486cfdac53bcbe899cbd61"

ms@2.0.0:
  version "2.0.0"
  resolved "https://registry.yarnpkg.com/ms/-/ms-2.0.0.tgz#5608aeadfc00be6c2901df5f9861788de0d597c8"

pause@0.0.1:
  version "0.0.1"
  resolved "https://registry.yarnpkg.com/pause/-/pause-0.0.1.tgz#1d408b3fdb76923b9543d96fb4c9dfd535d9cb5d"

qs@0.5.2:
  version "0.5.2"
  resolved "https://registry.yarnpkg.com/qs/-/qs-0.5.2.tgz#e5734acb7009fb918e800fd5c60c2f5b94a7ff43"

qs@0.6.5:
  version "0.6.5"
  resolved "https://registry.yarnpkg.com/qs/-/qs-0.6.5.tgz#294b268e4b0d4250f6dde19b3b8b34935dff14ef"

range-parser@0.0.4:
  version "0.0.4"
  resolved "https://registry.yarnpkg.com/range-parser/-/range-parser-0.0.4.tgz#c0427ffef51c10acba0782a46c9602e744ff620b"

send@0.1.0:
  version "0.1.0"
  resolved "https://registry.yarnpkg.com/send/-/send-0.1.0.tgz#cfb08ebd3cec9b7fc1a37d9ff9e875a971cf4640"
  dependencies:
    debug "*"
    fresh "0.1.0"
    mime "1.2.6"
    range-parser "0.0.4"

send@0.1.1:
  version "0.1.1"
  resolved "https://registry.yarnpkg.com/send/-/send-0.1.1.tgz#0bcfcbd03def6e2d8612e1abf8f4895b450c60c8"
  dependencies:
    debug "*"
    fresh "0.1.0"
    mime "~1.2.9"
    range-parser "0.0.4"

superagent@0.10.0:
  version "0.10.0"
  resolved "https://registry.yarnpkg.com/superagent/-/superagent-0.10.0.tgz#28bbb658659df327f6d2b25ef1b9d49ba0220154"
  dependencies:
    better-assert "~0.1.0"
    cookiejar "1.3.0"
    emitter-component "0.0.6"
    formidable "1.0.9"
    methods "0.0.1"
    mime "1.2.5"
    qs "0.5.2"

supertest@~0.6.0:
  version "0.6.1"
  resolved "https://registry.yarnpkg.com/supertest/-/supertest-0.6.1.tgz#8e7c82343644c30fecb8f4b23b1aa3f1e9f7ae8e"
  dependencies:
    methods "0.0.1"
    superagent "0.10.0"
